
Microsoft Visual Studio Solution File, Format Version 12.00
# Visual Studio 2013
VisualStudioVersion = 12.0.40629.0
MinimumVisualStudioVersion = 10.0.40219.1
Project("{FAE04EC0-301F-11D3-BF4B-00C04F79EFBC}") = "SES.Web", "SES.Web\SES.Web.csproj", "{006E30E0-094C-464B-BA2E-1FF5C2EE2B15}"
EndProject
Project("{FAE04EC0-301F-11D3-BF4B-00C04F79EFBC}") = "SES.Utility", "SES.Utility\SES.Utility.csproj", "{F71E7C45-8E0E-493A-8277-8AE243590068}"
EndProject
Global
	GlobalSection(SourceCodeControl) = preSolution
		SccNumberOfProjects = 2
		SccProjectUniqueName0 = SES.Utility\\SES.Utility.csproj
		SccProjectName0 = \u0022$/VS2013/SearchEngineService/SES.Utility\u0022
		SccLocalPath0 = SES.Utility
		SccProvider0 = MSSCCI:Dynamsoft\u0020SourceAnywhere\u0020for\u0020VSS\u00205
		SccProjectUniqueName1 = SES.Web\\SES.Web.csproj
		SccProjectName1 = \u0022$/VS2013/SearchEngineService/SES.Web\u0022
		SccLocalPath1 = SES.Web
		SccProvider1 = MSSCCI:Dynamsoft\u0020SourceAnywhere\u0020for\u0020VSS\u00205
	EndGlobalSection
	GlobalSection(SolutionConfigurationPlatforms) = preSolution
		Debug|Any CPU = Debug|Any CPU
		Release|Any CPU = Release|Any CPU
	EndGlobalSection
	GlobalSection(ProjectConfigurationPlatforms) = postSolution
		{006E30E0-094C-464B-BA2E-1FF5C2EE2B15}.Debug|Any CPU.ActiveCfg = Debug|Any CPU
		{006E30E0-094C-464B-BA2E-1FF5C2EE2B15}.Debug|Any CPU.Build.0 = Debug|Any CPU
		{006E30E0-094C-464B-BA2E-1FF5C2EE2B15}.Release|Any CPU.ActiveCfg = Release|Any CPU
		{006E30E0-094C-464B-BA2E-1FF5C2EE2B15}.Release|Any CPU.Build.0 = Release|Any CPU
		{F71E7C45-8E0E-493A-8277-8AE243590068}.Debug|Any CPU.ActiveCfg = Debug|Any CPU
		{F71E7C45-8E0E-493A-8277-8AE243590068}.Debug|Any CPU.Build.0 = Debug|Any CPU
		{F71E7C45-8E0E-493A-8277-8AE243590068}.Release|Any CPU.ActiveCfg = Release|Any CPU
		{F71E7C45-8E0E-493A-8277-8AE243590068}.Release|Any CPU.Build.0 = Release|Any CPU
	EndGlobalSection
	GlobalSection(SolutionProperties) = preSolution
		HideSolutionNode = FALSE
	EndGlobalSection
EndGlobal
